
Microsoft Visual Studio Solution File, Format Version 12.00
# Visual Studio Version 16
VisualStudioVersion = 16.0.32228.343
MinimumVisualStudioVersion = 10.0.40219.1
Project("{FAE04EC0-301F-11D3-BF4B-00C04F79EFBC}") = "ExercicioClasse", "ExercicioClasse\ExercicioClasse.csproj", "{9FE5B309-EBDD-4687-92B5-82D2F976D38A}"
EndProject
Global
	GlobalSection(SolutionConfigurationPlatforms) = preSolution
		Debug|Any CPU = Debug|Any CPU
		Release|Any CPU = Release|Any CPU
	EndGlobalSection
	GlobalSection(ProjectConfigurationPlatforms) = postSolution
		{9FE5B309-EBDD-4687-92B5-82D2F976D38A}.Debug|Any CPU.ActiveCfg = Debug|Any CPU
		{9FE5B309-EBDD-4687-92B5-82D2F976D38A}.Debug|Any CPU.Build.0 = Debug|Any CPU
		{9FE5B309-EBDD-4687-92B5-82D2F976D38A}.Release|Any CPU.ActiveCfg = Release|Any CPU
		{9FE5B309-EBDD-4687-92B5-82D2F976D38A}.Release|Any CPU.Build.0 = Release|Any CPU
	EndGlobalSection
	GlobalSection(SolutionProperties) = preSolution
		HideSolutionNode = FALSE
	EndGlobalSection
	GlobalSection(ExtensibilityGlobals) = postSolution
		SolutionGuid = {6A25913B-AABD-4818-A71D-E9CAF094CB4C}
	EndGlobalSection
EndGlobal
